
Microsoft Visual Studio Solution File, Format Version 12.00
# Visual Studio Version 17
VisualStudioVersion = 17.10.35013.160
MinimumVisualStudioVersion = 10.0.40219.1
Project("{FAE04EC0-301F-11D3-BF4B-00C04F79EFBC}") = "GuessNumber", "GuessNumber\GuessNumber.csproj", "{02D1549F-2A22-40A9-AFAF-C2B9E0286495}"
EndProject
Global
	GlobalSection(SolutionConfigurationPlatforms) = preSolution
		Debug|Any CPU = Debug|Any CPU
		Release|Any CPU = Release|Any CPU
	EndGlobalSection
	GlobalSection(ProjectConfigurationPlatforms) = postSolution
		{02D1549F-2A22-40A9-AFAF-C2B9E0286495}.Debug|Any CPU.ActiveCfg = Debug|Any CPU
		{02D1549F-2A22-40A9-AFAF-C2B9E0286495}.Debug|Any CPU.Build.0 = Debug|Any CPU
		{02D1549F-2A22-40A9-AFAF-C2B9E0286495}.Release|Any CPU.ActiveCfg = Release|Any CPU
		{02D1549F-2A22-40A9-AFAF-C2B9E0286495}.Release|Any CPU.Build.0 = Release|Any CPU
	EndGlobalSection
	GlobalSection(SolutionProperties) = preSolution
		HideSolutionNode = FALSE
	EndGlobalSection
	GlobalSection(ExtensibilityGlobals) = postSolution
		SolutionGuid = {0E901E55-CF2B-40A0-90FC-539E5B826838}
	EndGlobalSection
EndGlobal
